{
    "_meta": {
        "hash": {
            "sha256": "8edd8e0e85827146af1f6997306b2f2a166a8ba6e0950200c7833bf3de69a756"
        },
        "pipfile-spec": 6,
        "requires": {
            "python_version": "2.7"
        },
        "sources": [
            {
                "name": "pypi",
                "url": "https://pypi.org/simple",
                "verify_ssl": true
            }
        ]
    },
    "default": {
        "fusepy": {
            "hashes": [
                "sha256:72ff783ec2f43de3ab394e3f7457605bf04c8cf288a2f4068b4cde141d4ee6bd"
            ],
            "index": "pypi",
            "version": "==3.0.1"
        },
        "pycrypto": {
            "hashes": [
                "sha256:251f555f4e876ac391cb5977515d9054f6f409d86319dea0ac6a161a3312b7ea",
                "sha256:f2ce1e989b272cfcb677616763e0a2e7ec659effa67a88aa92b3a65528f60a3c"
            ],
            "index": "pypi",
            "version": "==2.6.1"
        }
    },
    "develop": {}
}
